
Microsoft Visual Studio Solution File, Format Version 12.00
# Visual Studio Version 17
VisualStudioVersion = 17.6.33815.320
MinimumVisualStudioVersion = 10.0.40219.1
Project("{FAE04EC0-301F-11D3-BF4B-00C04F79EFBC}") = "Kalkulačka", "Kalkulačka\Kalkulačka.csproj", "{7A9D3C25-604C-40F8-9661-0B47E3B5A065}"
EndProject
Global
	GlobalSection(SolutionConfigurationPlatforms) = preSolution
		Debug|Any CPU = Debug|Any CPU
		Release|Any CPU = Release|Any CPU
	EndGlobalSection
	GlobalSection(ProjectConfigurationPlatforms) = postSolution
		{7A9D3C25-604C-40F8-9661-0B47E3B5A065}.Debug|Any CPU.ActiveCfg = Debug|Any CPU
		{7A9D3C25-604C-40F8-9661-0B47E3B5A065}.Debug|Any CPU.Build.0 = Debug|Any CPU
		{7A9D3C25-604C-40F8-9661-0B47E3B5A065}.Release|Any CPU.ActiveCfg = Release|Any CPU
		{7A9D3C25-604C-40F8-9661-0B47E3B5A065}.Release|Any CPU.Build.0 = Release|Any CPU
	EndGlobalSection
	GlobalSection(SolutionProperties) = preSolution
		HideSolutionNode = FALSE
	EndGlobalSection
	GlobalSection(ExtensibilityGlobals) = postSolution
		SolutionGuid = {1137E386-6D71-4A23-9AEC-B52661D7BACD}
	EndGlobalSection
EndGlobal
